
Microsoft Visual Studio Solution File, Format Version 12.00
# Visual Studio Version 16
VisualStudioVersion = 16.0.30002.166
MinimumVisualStudioVersion = 10.0.40219.1
Project("{9A19103F-16F7-4668-BE54-9A1E7A4F7556}") = "ButtPillowCDS", "ButtPillowCDS\ButtPillowCDS.csproj", "{B2C0DEF8-3FD9-45AD-9D62-F4C3E55ED069}"
EndProject
Project("{FAE04EC0-301F-11D3-BF4B-00C04F79EFBC}") = "WeatherStationUnitTests", "WeatherStationUnitTests\WeatherStationUnitTests.csproj", "{DA8257D0-865B-4B7D-933D-E8A4B419ABBF}"
EndProject
Global
	GlobalSection(SolutionConfigurationPlatforms) = preSolution
		Debug|Any CPU = Debug|Any CPU
		Release|Any CPU = Release|Any CPU
	EndGlobalSection
	GlobalSection(ProjectConfigurationPlatforms) = postSolution
		{B2C0DEF8-3FD9-45AD-9D62-F4C3E55ED069}.Debug|Any CPU.ActiveCfg = Debug|Any CPU
		{B2C0DEF8-3FD9-45AD-9D62-F4C3E55ED069}.Debug|Any CPU.Build.0 = Debug|Any CPU
		{B2C0DEF8-3FD9-45AD-9D62-F4C3E55ED069}.Release|Any CPU.ActiveCfg = Release|Any CPU
		{B2C0DEF8-3FD9-45AD-9D62-F4C3E55ED069}.Release|Any CPU.Build.0 = Release|Any CPU
		{DA8257D0-865B-4B7D-933D-E8A4B419ABBF}.Debug|Any CPU.ActiveCfg = Debug|Any CPU
		{DA8257D0-865B-4B7D-933D-E8A4B419ABBF}.Debug|Any CPU.Build.0 = Debug|Any CPU
		{DA8257D0-865B-4B7D-933D-E8A4B419ABBF}.Release|Any CPU.ActiveCfg = Release|Any CPU
		{DA8257D0-865B-4B7D-933D-E8A4B419ABBF}.Release|Any CPU.Build.0 = Release|Any CPU
	EndGlobalSection
	GlobalSection(SolutionProperties) = preSolution
		HideSolutionNode = FALSE
	EndGlobalSection
	GlobalSection(ExtensibilityGlobals) = postSolution
		SolutionGuid = {7C5F8970-6737-44FF-9F1F-91644699EA92}
	EndGlobalSection
EndGlobal
